# This file is automatically @generated by Cargo.
# It is not intended for manual editing.
version = 4

[[package]]
name = "dbyte_ast"
version = "0.1.0"

[[package]]
name = "dbyte_cli"
version = "0.1.0"
dependencies = [
 "dbyte_ast",
 "dbyte_interp",
 "dbyte_lexer",
 "dbyte_parser",
 "dbyte_typeck",
]

[[package]]
name = "dbyte_interp"
version = "0.1.0"
dependencies = [
 "dbyte_ast",
]

[[package]]
name = "dbyte_lexer"
version = "0.1.0"
dependencies = [
 "dbyte_ast",
]

[[package]]
name = "dbyte_parser"
version = "0.1.0"
dependencies = [
 "dbyte_ast",
 "dbyte_lexer",
]

[[package]]
name = "dbyte_typeck"
version = "0.1.0"
dependencies = [
 "dbyte_ast",
]
